
Microsoft Visual Studio Solution File, Format Version 12.00
# Visual Studio Version 17
VisualStudioVersion = 17.2.32505.173
MinimumVisualStudioVersion = 10.0.40219.1
Project("{FAE04EC0-301F-11D3-BF4B-00C04F79EFBC}") = "2011401_TranBaoLam_De3", "2011401_TranBaoLam_De3\2011401_TranBaoLam_De3.csproj", "{3A6BD9AA-AAEB-45CD-B1A9-17BCAF0AAEAB}"
EndProject
Global
	GlobalSection(SolutionConfigurationPlatforms) = preSolution
		Debug|Any CPU = Debug|Any CPU
		Release|Any CPU = Release|Any CPU
	EndGlobalSection
	GlobalSection(ProjectConfigurationPlatforms) = postSolution
		{3A6BD9AA-AAEB-45CD-B1A9-17BCAF0AAEAB}.Debug|Any CPU.ActiveCfg = Debug|Any CPU
		{3A6BD9AA-AAEB-45CD-B1A9-17BCAF0AAEAB}.Debug|Any CPU.Build.0 = Debug|Any CPU
		{3A6BD9AA-AAEB-45CD-B1A9-17BCAF0AAEAB}.Release|Any CPU.ActiveCfg = Release|Any CPU
		{3A6BD9AA-AAEB-45CD-B1A9-17BCAF0AAEAB}.Release|Any CPU.Build.0 = Release|Any CPU
	EndGlobalSection
	GlobalSection(SolutionProperties) = preSolution
		HideSolutionNode = FALSE
	EndGlobalSection
	GlobalSection(ExtensibilityGlobals) = postSolution
		SolutionGuid = {EAA4FFF5-BCA1-4D03-9344-EA8A9691D95E}
	EndGlobalSection
EndGlobal
