
Microsoft Visual Studio Solution File, Format Version 12.00
# Visual Studio Version 16
VisualStudioVersion = 16.0.31729.503
MinimumVisualStudioVersion = 10.0.40219.1
Project("{FAE04EC0-301F-11D3-BF4B-00C04F79EFBC}") = "Lab03_Demo", "Lab03_Demo\Lab03_Demo.csproj", "{C60C9709-0BF1-4F19-8BA1-E5F71E43E744}"
EndProject
Global
	GlobalSection(SolutionConfigurationPlatforms) = preSolution
		Debug|Any CPU = Debug|Any CPU
		Release|Any CPU = Release|Any CPU
	EndGlobalSection
	GlobalSection(ProjectConfigurationPlatforms) = postSolution
		{C60C9709-0BF1-4F19-8BA1-E5F71E43E744}.Debug|Any CPU.ActiveCfg = Debug|Any CPU
		{C60C9709-0BF1-4F19-8BA1-E5F71E43E744}.Debug|Any CPU.Build.0 = Debug|Any CPU
		{C60C9709-0BF1-4F19-8BA1-E5F71E43E744}.Release|Any CPU.ActiveCfg = Release|Any CPU
		{C60C9709-0BF1-4F19-8BA1-E5F71E43E744}.Release|Any CPU.Build.0 = Release|Any CPU
	EndGlobalSection
	GlobalSection(SolutionProperties) = preSolution
		HideSolutionNode = FALSE
	EndGlobalSection
	GlobalSection(ExtensibilityGlobals) = postSolution
		SolutionGuid = {AE024455-B593-4E08-B868-B5C07B12CC42}
	EndGlobalSection
EndGlobal
